
Microsoft Visual Studio Solution File, Format Version 12.00
# Visual Studio Version 16
VisualStudioVersion = 16.0.30907.101
MinimumVisualStudioVersion = 10.0.40219.1
Project("{FAE04EC0-301F-11D3-BF4B-00C04F79EFBC}") = "ClassMetotDemo", "ClassMetotDemo\ClassMetotDemo.csproj", "{E1FFF2FE-1D5A-458B-A81B-7DF7CE346C14}"
EndProject
Global
	GlobalSection(SolutionConfigurationPlatforms) = preSolution
		Debug|Any CPU = Debug|Any CPU
		Release|Any CPU = Release|Any CPU
	EndGlobalSection
	GlobalSection(ProjectConfigurationPlatforms) = postSolution
		{E1FFF2FE-1D5A-458B-A81B-7DF7CE346C14}.Debug|Any CPU.ActiveCfg = Debug|Any CPU
		{E1FFF2FE-1D5A-458B-A81B-7DF7CE346C14}.Debug|Any CPU.Build.0 = Debug|Any CPU
		{E1FFF2FE-1D5A-458B-A81B-7DF7CE346C14}.Release|Any CPU.ActiveCfg = Release|Any CPU
		{E1FFF2FE-1D5A-458B-A81B-7DF7CE346C14}.Release|Any CPU.Build.0 = Release|Any CPU
	EndGlobalSection
	GlobalSection(SolutionProperties) = preSolution
		HideSolutionNode = FALSE
	EndGlobalSection
	GlobalSection(ExtensibilityGlobals) = postSolution
		SolutionGuid = {F956C268-4EDE-4C75-9FDC-6099B255B0EB}
	EndGlobalSection
EndGlobal
